{
	"name": "root",
	"requires": true,
	"lockfileVersion": 1,
	"dependencies": {
		"@types/node": {
			"version": "14.14.28",
			"resolved": "https://registry.npmjs.org/@types/node/-/node-14.14.28.tgz",
			"integrity": "sha512-lg55ArB+ZiHHbBBttLpzD07akz0QPrZgUODNakeC09i62dnrywr9mFErHuaPlB6I7z+sEbK+IYmplahvplCj2g=="
		},
		"@types/signed-varint": {
			"version": "gist:b46025b5175e06c1586d714dc0960443#5d7a8bac58846e0a86186d2ac33a4bf13940431a",
			"from": "gist:b46025b5175e06c1586d714dc0960443"
		},
		"@types/varint": {
			"version": "5.0.0",
			"resolved": "https://registry.npmjs.org/@types/varint/-/varint-5.0.0.tgz",
			"integrity": "sha512-dIJiYqeDnYQ5Bc4mv+E5prqFIQlUTM1yDzwC5VQfL29pcYlm/5q1shY/MjbBT1FQAU5gzKE10DdGbu8B2EoFQg==",
			"requires": {
				"@types/node": "*"
			}
		},
		"@underlay/apg": {
			"version": "1.2.0",
			"resolved": "https://registry.npmjs.org/@underlay/apg/-/apg-1.2.0.tgz",
			"integrity": "sha512-Hh7gO8eAlVKzcup5Sd7y9roT1M8Ok6W31MlDUdo911Mjc7V9cUr8Lz84THQ2IKHcew/B95aHcVl/I7czfQ6VMQ==",
			"dev": true
		},
		"@underlay/apg-codec-apg": {
			"version": "1.2.2",
			"resolved": "https://registry.npmjs.org/@underlay/apg-codec-apg/-/apg-codec-apg-1.2.2.tgz",
			"integrity": "sha512-8P0hW5KFHzOowvtRi6N+F68ILEusY03ADKUCr3FsxuhcKA51zY5yNqXhsggDyskvmrs2nF053djCBeK0yQcSuw=="
		},
		"@underlay/apg-codec-table": {
			"version": "1.2.2",
			"resolved": "https://registry.npmjs.org/@underlay/apg-codec-table/-/apg-codec-table-1.2.2.tgz",
			"integrity": "sha512-v2b9R0XajqIyufE72Is0eFYESD8+OW+LOMok/mJoiDZAARhwZEmJRED0SK5y8QPArBDIcdaia6/5wX6ZslSiPw==",
			"requires": {
				"@underlay/namespaces": "0.0.2"
			}
		},
		"@underlay/apg-format-binary": {
			"version": "1.2.2",
			"resolved": "https://registry.npmjs.org/@underlay/apg-format-binary/-/apg-format-binary-1.2.2.tgz",
			"integrity": "sha512-q0TL5NKR7wjhKV/G/76Ak+SodgWQEYR2bKWSvhfqrIcin7+o0IOCpIPrXwDUKN4a+CEHBiGuHt0JLxqoWutrWw==",
			"requires": {
				"@types/signed-varint": "gist:b46025b5175e06c1586d714dc0960443",
				"@types/varint": "^5.0.0",
				"@underlay/namespaces": "0.0.2",
				"bignumber.js": "^9.0.1",
				"cbor": "^7.0.1",
				"signed-varint": "^2.0.1",
				"varint": "^6.0.0"
			}
		},
		"@underlay/apg-schema-schema": {
			"version": "1.2.2",
			"resolved": "https://registry.npmjs.org/@underlay/apg-schema-schema/-/apg-schema-schema-1.2.2.tgz",
			"integrity": "sha512-uuJrXLknWOJryixRhv5HLFQtZtMwlkBl1V9w1p6hGDLLferJf3WZ67vUCP7HZz4xfPvP7bpnhdrIF9nQ+W73NA==",
			"dev": true,
			"requires": {
				"@underlay/namespaces": "0.0.2"
			}
		},
		"@underlay/block-collection-export-codec": {
			"version": "0.0.5",
			"resolved": "https://registry.npmjs.org/@underlay/block-collection-export-codec/-/block-collection-export-codec-0.0.5.tgz",
			"integrity": "sha512-GAdp4Q7tX2oQYwXxc7mIMi4P45s0v8wZmeAXWB5kUi6VWTD1eAkAqi70IQiCXO3XgfBHp1ChtI5m5NkZ+b3cEQ=="
		},
		"@underlay/block-collection-export-runtime": {
			"version": "0.0.5",
			"resolved": "https://registry.npmjs.org/@underlay/block-collection-export-runtime/-/block-collection-export-runtime-0.0.5.tgz",
			"integrity": "sha512-3CBhMU/ol5kszlAqkxGZ1Lz7+J4zVSO0xhjxZGpJEL3gJgZbrG3jY1f8dfwEAJdA9k4FZvofBoZIMG9UlewcdQ==",
			"requires": {
				"@underlay/apg-codec-apg": "^1.2.2",
				"@underlay/block-collection-export-codec": "^0.0.5"
			}
		},
		"@underlay/block-csv-import-codec": {
			"version": "0.0.5",
			"resolved": "https://registry.npmjs.org/@underlay/block-csv-import-codec/-/block-csv-import-codec-0.0.5.tgz",
			"integrity": "sha512-Gv1cJC9FyeISADdSNzJLCtK7hPwYs05AWzMdeZ7TJ+gGNAqnfDdZzo5KhxJL+VOS3vaWq3ZFFn+bffMEwFSHSw==",
			"requires": {
				"@underlay/apg-codec-table": "^1.2.0"
			}
		},
		"@underlay/block-csv-import-runtime": {
			"version": "0.0.5",
			"resolved": "https://registry.npmjs.org/@underlay/block-csv-import-runtime/-/block-csv-import-runtime-0.0.5.tgz",
			"integrity": "sha512-oFEZ4tctQgDI2q/lbTOCB0NweYSNfxUeItDBy6M1uZ9prdTOJn0XkmVSs04goAP42cJyjqz1a+fUFXhrVmv5sQ==",
			"requires": {
				"@underlay/apg-codec-table": "^1.2.0",
				"@underlay/apg-format-binary": "^1.2.1",
				"@underlay/block-csv-import-codec": "^0.0.5",
				"@underlay/namespaces": "^0.0.2",
				"buffer": "^6.0.3",
				"node-fetch": "^2.6.1",
				"papaparse": "^5.3.0"
			}
		},
		"@underlay/namespaces": {
			"version": "0.0.2",
			"resolved": "https://registry.npmjs.org/@underlay/namespaces/-/namespaces-0.0.2.tgz",
			"integrity": "sha512-FsSaQgWepCehQnw847e+SvvxyAcpebO5JsXnuh7lkW9Gk/HKKEClNPIs13qjlrqfb9LpO+CVFnq6g2d59iEavg=="
		},
		"@underlay/pipeline-block-runtimes": {
			"version": "0.0.5",
			"resolved": "https://registry.npmjs.org/@underlay/pipeline-block-runtimes/-/pipeline-block-runtimes-0.0.5.tgz",
			"integrity": "sha512-s/EOTtbkCUIqPDkk3Azgh3KCed+InaQTmL6D2Q2uxVwl/wQ0b7chYYtas9FYFZ5PE6THjNZ+psnW22Lr66fmlg==",
			"requires": {
				"@underlay/block-collection-export-runtime": "^0.0.5",
				"@underlay/block-csv-import-runtime": "^0.0.5"
			}
		},
		"@underlay/pipeline-runtime": {
			"version": "0.0.5",
			"resolved": "https://registry.npmjs.org/@underlay/pipeline-runtime/-/pipeline-runtime-0.0.5.tgz",
			"integrity": "sha512-iiWTw5rB7Z48d08PuaPn7jRa7UjZxINcqvbvboLMjE6Ht9kpvq+J7KzYwLjvPsU6fcUj+Twk654yq+ZhowGoAQ==",
			"dev": true,
			"requires": {
				"@underlay/apg-schema-schema": "^1.2.0"
			}
		},
		"base64-js": {
			"version": "1.5.1",
			"resolved": "https://registry.npmjs.org/base64-js/-/base64-js-1.5.1.tgz",
			"integrity": "sha512-AKpaYlHn8t4SVbOHCy+b5+KKgvR4vrsD8vbvrbiQJps7fKDTkjkDry6ji0rUJjC0kzbNePLwzxq8iypo41qeWA=="
		},
		"bignumber.js": {
			"version": "9.0.1",
			"resolved": "https://registry.npmjs.org/bignumber.js/-/bignumber.js-9.0.1.tgz",
			"integrity": "sha512-IdZR9mh6ahOBv/hYGiXyVuyCetmGJhtYkqLBpTStdhEGjegpPlUawydyaF3pbIOFynJTpllEs+NP+CS9jKFLjA=="
		},
		"buffer": {
			"version": "6.0.3",
			"resolved": "https://registry.npmjs.org/buffer/-/buffer-6.0.3.tgz",
			"integrity": "sha512-FTiCpNxtwiZZHEZbcbTIcZjERVICn9yq/pDFkTl95/AxzD1naBctN7YO68riM/gLSDY7sdrMby8hofADYuuqOA==",
			"requires": {
				"base64-js": "^1.3.1",
				"ieee754": "^1.2.1"
			}
		},
		"cbor": {
			"version": "7.0.1",
			"resolved": "https://registry.npmjs.org/cbor/-/cbor-7.0.1.tgz",
			"integrity": "sha512-+SVEDS4B2x9aat+if8rtUbm8WdxArH2/tVKiSD8eCxy7hnVNlESd4EQQM16EOFrUCvSHECscsvq61N1FPejZtw==",
			"requires": {
				"nofilter": "^2.0.0"
			}
		},
		"fp-ts": {
			"version": "2.9.5",
			"resolved": "https://registry.npmjs.org/fp-ts/-/fp-ts-2.9.5.tgz",
			"integrity": "sha512-MiHrA5teO6t8zKArE3DdMPT/Db6v2GUt5yfWnhBTrrsVfeCJUUnV6sgFvjGNBKDmEMqVwRFkEePL7wPwqrLKKA==",
			"dev": true
		},
		"ieee754": {
			"version": "1.2.1",
			"resolved": "https://registry.npmjs.org/ieee754/-/ieee754-1.2.1.tgz",
			"integrity": "sha512-dcyqhDvX1C46lXZcVqCpK+FtMRQVdIMN6/Df5js2zouUsqG7I6sFxitIC+7KYK29KdXOLHdu9zL4sFnoVQnqaA=="
		},
		"io-ts": {
			"version": "2.2.14",
			"resolved": "https://registry.npmjs.org/io-ts/-/io-ts-2.2.14.tgz",
			"integrity": "sha512-UWL1mdDe5YI4+/7YlrbsSwKmsECFFlWcVHT2CPGzeNODHj2qY0cibjulYfrfz5SCPoDAsjVP7vFKGcF+L10+SQ==",
			"dev": true
		},
		"node-fetch": {
			"version": "2.6.1",
			"resolved": "https://registry.npmjs.org/node-fetch/-/node-fetch-2.6.1.tgz",
			"integrity": "sha512-V4aYg89jEoVRxRb2fJdAg8FHvI7cEyYdVAh94HH0UIK8oJxUfkjlDQN9RbMx+bEjP7+ggMiFRprSti032Oipxw=="
		},
		"nofilter": {
			"version": "2.0.0",
			"resolved": "https://registry.npmjs.org/nofilter/-/nofilter-2.0.0.tgz",
			"integrity": "sha512-i3ck2PUWBa+trsGGBvwS3msnTowbFei5G++BgpOpT7y7VTrprXphMQP5svTdsMLdttKDZFo+5RqVWRqhmf+BwQ=="
		},
		"papaparse": {
			"version": "5.3.0",
			"resolved": "https://registry.npmjs.org/papaparse/-/papaparse-5.3.0.tgz",
			"integrity": "sha512-Lb7jN/4bTpiuGPrYy4tkKoUS8sTki8zacB5ke1p5zolhcSE4TlWgrlsxjrDTbG/dFVh07ck7X36hUf/b5V68pg=="
		},
		"signed-varint": {
			"version": "2.0.1",
			"resolved": "https://registry.npmjs.org/signed-varint/-/signed-varint-2.0.1.tgz",
			"integrity": "sha1-UKmYnafJjCxh2tEZvJdHDvhSgSk=",
			"requires": {
				"varint": "~5.0.0"
			},
			"dependencies": {
				"varint": {
					"version": "5.0.2",
					"resolved": "https://registry.npmjs.org/varint/-/varint-5.0.2.tgz",
					"integrity": "sha512-lKxKYG6H03yCZUpAGOPOsMcGxd1RHCu1iKvEHYDPmTyq2HueGhD73ssNBqqQWfvYs04G9iUFRvmAVLW20Jw6ow=="
				}
			}
		},
		"varint": {
			"version": "6.0.0",
			"resolved": "https://registry.npmjs.org/varint/-/varint-6.0.0.tgz",
			"integrity": "sha512-cXEIW6cfr15lFv563k4GuVuW/fiwjknytD37jIOLSdSWuOI6WnO/oKwmP2FQTU2l01LP8/M5TSAJpzUaGe3uWg=="
		}
	}
}
